<?xml version="1.0" encoding="utf-8"?>
<Project ToolsVersion="4.0" xmlns="http://schemas.microsoft.com/developer/msbuild/2003">
  <ItemGroup>
    <Filter Include="소스 파일">
      <UniqueIdentifier>{4FC737F1-C7A5-4376-A066-2A32D752A2FF}</UniqueIdentifier>
      <Extensions>cpp;c;cc;cxx;c++;cppm;ixx;def;odl;idl;hpj;bat;asm;asmx</Extensions>
    </Filter>
    <Filter Include="리소스 파일">
      <UniqueIdentifier>{67DA6AB6-F800-4c08-8B7A-83BB121AAD01}</UniqueIdentifier>
      <Extensions>rc;ico;cur;bmp;dlg;rc2;rct;bin;rgs;gif;jpg;jpeg;jpe;resx;tiff;tif;png;wav;mfcribbon-ms</Extensions>
    </Filter>
    <Filter Include="D3D">
      <UniqueIdentifier>{93995380-89BD-4b04-88EB-625FBE52EBFB}</UniqueIdentifier>
      <Extensions>h;hh;hpp;hxx;h++;hm;inl;inc;ipp;xsd</Extensions>
    </Filter>
    <Filter Include="Shader">
      <UniqueIdentifier>{2f31e52b-da56-4c33-b780-a018246a9ffa}</UniqueIdentifier>
    </Filter>
    <Filter Include="D2D">
      <UniqueIdentifier>{c7824a16-f789-4ab0-9497-f42c12ed90f3}</UniqueIdentifier>
    </Filter>
    <Filter Include="ImgUI">
      <UniqueIdentifier>{bf71a7c1-6403-486f-8f67-5c404ab33fa1}</UniqueIdentifier>
    </Filter>
    <Filter Include="Font">
      <UniqueIdentifier>{9888a5bc-bef6-4b51-ad8d-694c04d1a499}</UniqueIdentifier>
    </Filter>
    <Filter Include="imguizmo">
      <UniqueIdentifier>{9b0c32f8-0ea6-40da-9682-7a7df28cacde}</UniqueIdentifier>
    </Filter>
  </ItemGroup>
  <ItemGroup>
    <ClCompile Include="main.cpp">
      <Filter>소스 파일</Filter>
    </ClCompile>
    <ClCompile Include="D3D.cpp">
      <Filter>D3D</Filter>
    </ClCompile>
    <ClCompile Include="App_v1.cpp">
      <Filter>소스 파일</Filter>
    </ClCompile>
    <ClCompile Include="imgui.cpp">
      <Filter>ImgUI</Filter>
    </ClCompile>
    <ClCompile Include="imgui_demo.cpp">
      <Filter>ImgUI</Filter>
    </ClCompile>
    <ClCompile Include="imgui_draw.cpp">
      <Filter>ImgUI</Filter>
    </ClCompile>
    <ClCompile Include="imgui_impl_dx11.cpp">
      <Filter>ImgUI</Filter>
    </ClCompile>
    <ClCompile Include="imgui_impl_win32.cpp">
      <Filter>ImgUI</Filter>
    </ClCompile>
    <ClCompile Include="imgui_tables.cpp">
      <Filter>ImgUI</Filter>
    </ClCompile>
    <ClCompile Include="imgui_widgets.cpp">
      <Filter>ImgUI</Filter>
    </ClCompile>
    <ClCompile Include="WinApp_Handle.cpp">
      <Filter>소스 파일</Filter>
    </ClCompile>
    <ClCompile Include="GameObject.hpp">
      <Filter>D3D</Filter>
    </ClCompile>
    <ClCompile Include="App_v2.cpp">
      <Filter>소스 파일</Filter>
    </ClCompile>
    <ClCompile Include="GraphEditor.cpp">
      <Filter>imguizmo</Filter>
    </ClCompile>
    <ClCompile Include="ImCurveEdit.cpp">
      <Filter>imguizmo</Filter>
    </ClCompile>
    <ClCompile Include="ImGradient.cpp">
      <Filter>imguizmo</Filter>
    </ClCompile>
    <ClCompile Include="ImGuizmo.cpp">
      <Filter>imguizmo</Filter>
    </ClCompile>
    <ClCompile Include="ImSequencer.cpp">
      <Filter>imguizmo</Filter>
    </ClCompile>
  </ItemGroup>
  <ItemGroup>
    <ClInclude Include="D3D.h">
      <Filter>D3D</Filter>
    </ClInclude>
    <ClInclude Include="App.h">
      <Filter>소스 파일</Filter>
    </ClInclude>
    <ClInclude Include="D2D.hpp">
      <Filter>D2D</Filter>
    </ClInclude>
    <ClInclude Include="imconfig.h">
      <Filter>ImgUI</Filter>
    </ClInclude>
    <ClInclude Include="imgui.h">
      <Filter>ImgUI</Filter>
    </ClInclude>
    <ClInclude Include="imgui_impl_dx11.h">
      <Filter>ImgUI</Filter>
    </ClInclude>
    <ClInclude Include="imgui_impl_win32.h">
      <Filter>ImgUI</Filter>
    </ClInclude>
    <ClInclude Include="imgui_internal.h">
      <Filter>ImgUI</Filter>
    </ClInclude>
    <ClInclude Include="imstb_rectpack.h">
      <Filter>ImgUI</Filter>
    </ClInclude>
    <ClInclude Include="imstb_textedit.h">
      <Filter>ImgUI</Filter>
    </ClInclude>
    <ClInclude Include="imstb_truetype.h">
      <Filter>ImgUI</Filter>
    </ClInclude>
    <ClInclude Include="UserDef.h">
      <Filter>소스 파일</Filter>
    </ClInclude>
    <ClInclude Include="GraphEditor.h">
      <Filter>imguizmo</Filter>
    </ClInclude>
    <ClInclude Include="ImCurveEdit.h">
      <Filter>imguizmo</Filter>
    </ClInclude>
    <ClInclude Include="ImGradient.h">
      <Filter>imguizmo</Filter>
    </ClInclude>
    <ClInclude Include="ImGuizmo.h">
      <Filter>imguizmo</Filter>
    </ClInclude>
    <ClInclude Include="ImSequencer.h">
      <Filter>imguizmo</Filter>
    </ClInclude>
    <ClInclude Include="ImZoomSlider.h">
      <Filter>imguizmo</Filter>
    </ClInclude>
  </ItemGroup>
  <ItemGroup>
    <None Include="MalgunGodic.spritefont">
      <Filter>Font</Filter>
    </None>
  </ItemGroup>
  <ItemGroup>
    <CopyFileToFolders Include="ComicSans.spritefont">
      <Filter>Font</Filter>
    </CopyFileToFolders>
  </ItemGroup>
  <ItemGroup>
    <FxCompile Include="Shader\SpriteShader.hlsl">
      <Filter>Shader</Filter>
    </FxCompile>
  </ItemGroup>
</Project>